
Microsoft Visual Studio Solution File, Format Version 12.00
# Visual Studio Version 16
VisualStudioVersion = 16.0.31112.23
MinimumVisualStudioVersion = 10.0.40219.1
Project("{FAE04EC0-301F-11D3-BF4B-00C04F79EFBC}") = "DatabaseFirst", "DatabaseFirst\DatabaseFirst.csproj", "{C3297BB6-FAC3-4B81-AC74-54C11B5D17C2}"
EndProject
Project("{FAE04EC0-301F-11D3-BF4B-00C04F79EFBC}") = "CodeFirst", "CodeFirst\CodeFirst.csproj", "{1CA48E61-32FA-4C91-ADD2-00E9689A773A}"
EndProject
Global
	GlobalSection(SolutionConfigurationPlatforms) = preSolution
		Debug|Any CPU = Debug|Any CPU
		Release|Any CPU = Release|Any CPU
	EndGlobalSection
	GlobalSection(ProjectConfigurationPlatforms) = postSolution
		{C3297BB6-FAC3-4B81-AC74-54C11B5D17C2}.Debug|Any CPU.ActiveCfg = Debug|Any CPU
		{C3297BB6-FAC3-4B81-AC74-54C11B5D17C2}.Debug|Any CPU.Build.0 = Debug|Any CPU
		{C3297BB6-FAC3-4B81-AC74-54C11B5D17C2}.Release|Any CPU.ActiveCfg = Release|Any CPU
		{C3297BB6-FAC3-4B81-AC74-54C11B5D17C2}.Release|Any CPU.Build.0 = Release|Any CPU
		{1CA48E61-32FA-4C91-ADD2-00E9689A773A}.Debug|Any CPU.ActiveCfg = Debug|Any CPU
		{1CA48E61-32FA-4C91-ADD2-00E9689A773A}.Debug|Any CPU.Build.0 = Debug|Any CPU
		{1CA48E61-32FA-4C91-ADD2-00E9689A773A}.Release|Any CPU.ActiveCfg = Release|Any CPU
		{1CA48E61-32FA-4C91-ADD2-00E9689A773A}.Release|Any CPU.Build.0 = Release|Any CPU
	EndGlobalSection
	GlobalSection(SolutionProperties) = preSolution
		HideSolutionNode = FALSE
	EndGlobalSection
	GlobalSection(ExtensibilityGlobals) = postSolution
		SolutionGuid = {331C5737-3517-484B-9731-5AC34AD7BE98}
	EndGlobalSection
EndGlobal
